// !$*UTF8*$!
{
	archiveVersion = 1;
	classes = {
	};
	objectVersion = 55;
	objects = {

/* Begin PBXBuildFile section */
		2E3DBFF5282FC57200C63BE9 /* AppDelegate.swift in Sources */ = {isa = PBXBuildFile; fileRef = 2E3DBFF4282FC57200C63BE9 /* AppDelegate.swift */; };
		2E3DBFF7282FC57200C63BE9 /* SceneDelegate.swift in Sources */ = {isa = PBXBuildFile; fileRef = 2E3DBFF6282FC57200C63BE9 /* SceneDelegate.swift */; };
		2E3DBFFC282FC57200C63BE9 /* Main.storyboard in Resources */ = {isa = PBXBuildFile; fileRef = 2E3DBFFA282FC57200C63BE9 /* Main.storyboard */; };
		2E3DBFFE282FC57500C63BE9 /* Assets.xcassets in Resources */ = {isa = PBXBuildFile; fileRef = 2E3DBFFD282FC57500C63BE9 /* Assets.xcassets */; };
		2E3DC001282FC57500C63BE9 /* LaunchScreen.storyboard in Resources */ = {isa = PBXBuildFile; fileRef = 2E3DBFFF282FC57500C63BE9 /* LaunchScreen.storyboard */; };
		2E3DC009282FC89000C63BE9 /* MoviesViewController.swift in Sources */ = {isa = PBXBuildFile; fileRef = 2E3DC008282FC89000C63BE9 /* MoviesViewController.swift */; };
		2E3DC00B282FC8A000C63BE9 /* MusicsViewController.swift in Sources */ = {isa = PBXBuildFile; fileRef = 2E3DC00A282FC8A000C63BE9 /* MusicsViewController.swift */; };
		2E3DC00D282FC8BA00C63BE9 /* BooksViewController.swift in Sources */ = {isa = PBXBuildFile; fileRef = 2E3DC00C282FC8BA00C63BE9 /* BooksViewController.swift */; };
		2E3DC015282FD05300C63BE9 /* NibView.swift in Sources */ = {isa = PBXBuildFile; fileRef = 2E3DC014282FD05300C63BE9 /* NibView.swift */; };
		2E3DC017282FD48B00C63BE9 /* MovieView.swift in Sources */ = {isa = PBXBuildFile; fileRef = 2E3DC016282FD48B00C63BE9 /* MovieView.swift */; };
		2E3DC019282FD4A400C63BE9 /* MovieView.xib in Resources */ = {isa = PBXBuildFile; fileRef = 2E3DC018282FD4A400C63BE9 /* MovieView.xib */; };
		2E3DC01B282FDCBA00C63BE9 /* MovieModel.swift in Sources */ = {isa = PBXBuildFile; fileRef = 2E3DC01A282FDCBA00C63BE9 /* MovieModel.swift */; };
		2EBACC4A2830E2CA0088E7AF /* MovieDetailsViewController.swift in Sources */ = {isa = PBXBuildFile; fileRef = 2EBACC492830E2CA0088E7AF /* MovieDetailsViewController.swift */; };
/* End PBXBuildFile section */

/* Begin PBXFileReference section */
		2E3DBFF1282FC57200C63BE9 /* CustomView.app */ = {isa = PBXFileReference; explicitFileType = wrapper.application; includeInIndex = 0; path = CustomView.app; sourceTree = BUILT_PRODUCTS_DIR; };
		2E3DBFF4282FC57200C63BE9 /* AppDelegate.swift */ = {isa = PBXFileReference; lastKnownFileType = sourcecode.swift; path = AppDelegate.swift; sourceTree = "<group>"; };
		2E3DBFF6282FC57200C63BE9 /* SceneDelegate.swift */ = {isa = PBXFileReference; lastKnownFileType = sourcecode.swift; path = SceneDelegate.swift; sourceTree = "<group>"; };
		2E3DBFFB282FC57200C63BE9 /* Base */ = {isa = PBXFileReference; lastKnownFileType = file.storyboard; name = Base; path = Base.lproj/Main.storyboard; sourceTree = "<group>"; };
		2E3DBFFD282FC57500C63BE9 /* Assets.xcassets */ = {isa = PBXFileReference; lastKnownFileType = folder.assetcatalog; path = Assets.xcassets; sourceTree = "<group>"; };
		2E3DC000282FC57500C63BE9 /* Base */ = {isa = PBXFileReference; lastKnownFileType = file.storyboard; name = Base; path = Base.lproj/LaunchScreen.storyboard; sourceTree = "<group>"; };
		2E3DC002282FC57500C63BE9 /* Info.plist */ = {isa = PBXFileReference; lastKnownFileType = text.plist.xml; path = Info.plist; sourceTree = "<group>"; };
		2E3DC008282FC89000C63BE9 /* MoviesViewController.swift */ = {isa = PBXFileReference; lastKnownFileType = sourcecode.swift; path = MoviesViewController.swift; sourceTree = "<group>"; };
		2E3DC00A282FC8A000C63BE9 /* MusicsViewController.swift */ = {isa = PBXFileReference; lastKnownFileType = sourcecode.swift; path = MusicsViewController.swift; sourceTree = "<group>"; };
		2E3DC00C282FC8BA00C63BE9 /* BooksViewController.swift */ = {isa = PBXFileReference; lastKnownFileType = sourcecode.swift; path = BooksViewController.swift; sourceTree = "<group>"; };
		2E3DC014282FD05300C63BE9 /* NibView.swift */ = {isa = PBXFileReference; lastKnownFileType = sourcecode.swift; path = NibView.swift; sourceTree = "<group>"; };
		2E3DC016282FD48B00C63BE9 /* MovieView.swift */ = {isa = PBXFileReference; lastKnownFileType = sourcecode.swift; path = MovieView.swift; sourceTree = "<group>"; };
		2E3DC018282FD4A400C63BE9 /* MovieView.xib */ = {isa = PBXFileReference; lastKnownFileType = file.xib; path = MovieView.xib; sourceTree = "<group>"; };
		2E3DC01A282FDCBA00C63BE9 /* MovieModel.swift */ = {isa = PBXFileReference; lastKnownFileType = sourcecode.swift; path = MovieModel.swift; sourceTree = "<group>"; };
		2EBACC492830E2CA0088E7AF /* MovieDetailsViewController.swift */ = {isa = PBXFileReference; lastKnownFileType = sourcecode.swift; path = MovieDetailsViewController.swift; sourceTree = "<group>"; };
/* End PBXFileReference section */

/* Begin PBXFrameworksBuildPhase section */
		2E3DBFEE282FC57200C63BE9 /* Frameworks */ = {
			isa = PBXFrameworksBuildPhase;
			buildActionMask = 2147483647;
			files = (
			);
			runOnlyForDeploymentPostprocessing = 0;
		};
/* End PBXFrameworksBuildPhase section */

/* Begin PBXGroup section */
		2E3DBFE8282FC57200C63BE9 = {
			isa = PBXGroup;
			children = (
				2E3DBFF3282FC57200C63BE9 /* CustomView */,
				2E3DBFF2282FC57200C63BE9 /* Products */,
			);
			sourceTree = "<group>";
		};
		2E3DBFF2282FC57200C63BE9 /* Products */ = {
			isa = PBXGroup;
			children = (
				2E3DBFF1282FC57200C63BE9 /* CustomView.app */,
			);
			name = Products;
			sourceTree = "<group>";
		};
		2E3DBFF3282FC57200C63BE9 /* CustomView */ = {
			isa = PBXGroup;
			children = (
				2EBACC4F28312A0C0088E7AF /* Common */,
				2E3DC00E282FC9D700C63BE9 /* Movies Module */,
				2E3DC00F282FC9EA00C63BE9 /* Musics Module */,
				2E3DC010282FC9FA00C63BE9 /* Books Module */,
				2E3DBFF4282FC57200C63BE9 /* AppDelegate.swift */,
				2E3DBFF6282FC57200C63BE9 /* SceneDelegate.swift */,
				2E3DBFFA282FC57200C63BE9 /* Main.storyboard */,
				2E3DBFFD282FC57500C63BE9 /* Assets.xcassets */,
				2E3DBFFF282FC57500C63BE9 /* LaunchScreen.storyboard */,
				2E3DC002282FC57500C63BE9 /* Info.plist */,
			);
			path = CustomView;
			sourceTree = "<group>";
		};
		2E3DC00E282FC9D700C63BE9 /* Movies Module */ = {
			isa = PBXGroup;
			children = (
				2EBACC4E283129C20088E7AF /* Model */,
				2EBACC4B2830E2DE0088E7AF /* Controller */,
				2E3DC012282FD01E00C63BE9 /* View */,
			);
			path = "Movies Module";
			sourceTree = "<group>";
		};
		2E3DC00F282FC9EA00C63BE9 /* Musics Module */ = {
			isa = PBXGroup;
			children = (
				2E3DC00A282FC8A000C63BE9 /* MusicsViewController.swift */,
			);
			path = "Musics Module";
			sourceTree = "<group>";
		};
		2E3DC010282FC9FA00C63BE9 /* Books Module */ = {
			isa = PBXGroup;
			children = (
				2E3DC011282FCFFD00C63BE9 /* BookView */,
				2E3DC00C282FC8BA00C63BE9 /* BooksViewController.swift */,
			);
			path = "Books Module";
			sourceTree = "<group>";
		};
		2E3DC011282FCFFD00C63BE9 /* BookView */ = {
			isa = PBXGroup;
			children = (
			);
			path = BookView;
			sourceTree = "<group>";
		};
		2E3DC012282FD01E00C63BE9 /* View */ = {
			isa = PBXGroup;
			children = (
				2E3DC016282FD48B00C63BE9 /* MovieView.swift */,
				2E3DC018282FD4A400C63BE9 /* MovieView.xib */,
			);
			path = View;
			sourceTree = "<group>";
		};
		2E3DC013282FD03900C63BE9 /* NibView */ = {
			isa = PBXGroup;
			children = (
				2E3DC014282FD05300C63BE9 /* NibView.swift */,
			);
			path = NibView;
			sourceTree = "<group>";
		};
		2EBACC4B2830E2DE0088E7AF /* Controller */ = {
			isa = PBXGroup;
			children = (
				2EBACC492830E2CA0088E7AF /* MovieDetailsViewController.swift */,
				2E3DC008282FC89000C63BE9 /* MoviesViewController.swift */,
			);
			path = Controller;
			sourceTree = "<group>";
		};
		2EBACC4E283129C20088E7AF /* Model */ = {
			isa = PBXGroup;
			children = (
				2E3DC01A282FDCBA00C63BE9 /* MovieModel.swift */,
			);
			path = Model;
			sourceTree = "<group>";
		};
		2EBACC4F28312A0C0088E7AF /* Common */ = {
			isa = PBXGroup;
			children = (
				2E3DC013282FD03900C63BE9 /* NibView */,
			);
			path = Common;
			sourceTree = "<group>";
		};
/* End PBXGroup section */

/* Begin PBXNativeTarget section */
		2E3DBFF0282FC57200C63BE9 /* CustomView */ = {
			isa = PBXNativeTarget;
			buildConfigurationList = 2E3DC005282FC57500C63BE9 /* Build configuration list for PBXNativeTarget "CustomView" */;
			buildPhases = (
				2E3DBFED282FC57200C63BE9 /* Sources */,
				2E3DBFEE282FC57200C63BE9 /* Frameworks */,
				2E3DBFEF282FC57200C63BE9 /* Resources */,
			);
			buildRules = (
			);
			dependencies = (
			);
			name = CustomView;
			productName = CustomView;
			productReference = 2E3DBFF1282FC57200C63BE9 /* CustomView.app */;
			productType = "com.apple.product-type.application";
		};
/* End PBXNativeTarget section */

/* Begin PBXProject section */
		2E3DBFE9282FC57200C63BE9 /* Project object */ = {
			isa = PBXProject;
			attributes = {
				BuildIndependentTargetsInParallel = 1;
				LastSwiftUpdateCheck = 1320;
				LastUpgradeCheck = 1320;
				TargetAttributes = {
					2E3DBFF0282FC57200C63BE9 = {
						CreatedOnToolsVersion = 13.2.1;
					};
				};
			};
			buildConfigurationList = 2E3DBFEC282FC57200C63BE9 /* Build configuration list for PBXProject "CustomView" */;
			compatibilityVersion = "Xcode 13.0";
			developmentRegion = en;
			hasScannedForEncodings = 0;
			knownRegions = (
				en,
				Base,
			);
			mainGroup = 2E3DBFE8282FC57200C63BE9;
			productRefGroup = 2E3DBFF2282FC57200C63BE9 /* Products */;
			projectDirPath = "";
			projectRoot = "";
			targets = (
				2E3DBFF0282FC57200C63BE9 /* CustomView */,
			);
		};
/* End PBXProject section */

/* Begin PBXResourcesBuildPhase section */
		2E3DBFEF282FC57200C63BE9 /* Resources */ = {
			isa = PBXResourcesBuildPhase;
			buildActionMask = 2147483647;
			files = (
				2E3DC001282FC57500C63BE9 /* LaunchScreen.storyboard in Resources */,
				2E3DC019282FD4A400C63BE9 /* MovieView.xib in Resources */,
				2E3DBFFE282FC57500C63BE9 /* Assets.xcassets in Resources */,
				2E3DBFFC282FC57200C63BE9 /* Main.storyboard in Resources */,
			);
			runOnlyForDeploymentPostprocessing = 0;
		};
/* End PBXResourcesBuildPhase section */

/* Begin PBXSourcesBuildPhase section */
		2E3DBFED282FC57200C63BE9 /* Sources */ = {
			isa = PBXSourcesBuildPhase;
			buildActionMask = 2147483647;
			files = (
				2E3DBFF5282FC57200C63BE9 /* AppDelegate.swift in Sources */,
				2E3DBFF7282FC57200C63BE9 /* SceneDelegate.swift in Sources */,
				2EBACC4A2830E2CA0088E7AF /* MovieDetailsViewController.swift in Sources */,
				2E3DC017282FD48B00C63BE9 /* MovieView.swift in Sources */,
				2E3DC015282FD05300C63BE9 /* NibView.swift in Sources */,
				2E3DC01B282FDCBA00C63BE9 /* MovieModel.swift in Sources */,
				2E3DC00B282FC8A000C63BE9 /* MusicsViewController.swift in Sources */,
				2E3DC009282FC89000C63BE9 /* MoviesViewController.swift in Sources */,
				2E3DC00D282FC8BA00C63BE9 /* BooksViewController.swift in Sources */,
			);
			runOnlyForDeploymentPostprocessing = 0;
		};
/* End PBXSourcesBuildPhase section */

/* Begin PBXVariantGroup section */
		2E3DBFFA282FC57200C63BE9 /* Main.storyboard */ = {
			isa = PBXVariantGroup;
			children = (
				2E3DBFFB282FC57200C63BE9 /* Base */,
			);
			name = Main.storyboard;
			sourceTree = "<group>";
		};
		2E3DBFFF282FC57500C63BE9 /* LaunchScreen.storyboard */ = {
			isa = PBXVariantGroup;
			children = (
				2E3DC000282FC57500C63BE9 /* Base */,
			);
			name = LaunchScreen.storyboard;
			sourceTree = "<group>";
		};
/* End PBXVariantGroup section */

/* Begin XCBuildConfiguration section */
		2E3DC003282FC57500C63BE9 /* Debug */ = {
			isa = XCBuildConfiguration;
			buildSettings = {
				ALWAYS_SEARCH_USER_PATHS = NO;
				CLANG_ANALYZER_NONNULL = YES;
				CLANG_ANALYZER_NUMBER_OBJECT_CONVERSION = YES_AGGRESSIVE;
				CLANG_CXX_LANGUAGE_STANDARD = "gnu++17";
				CLANG_CXX_LIBRARY = "libc++";
				CLANG_ENABLE_MODULES = YES;
				CLANG_ENABLE_OBJC_ARC = YES;
				CLANG_ENABLE_OBJC_WEAK = YES;
				CLANG_WARN_BLOCK_CAPTURE_AUTORELEASING = YES;
				CLANG_WARN_BOOL_CONVERSION = YES;
				CLANG_WARN_COMMA = YES;
				CLANG_WARN_CONSTANT_CONVERSION = YES;
				CLANG_WARN_DEPRECATED_OBJC_IMPLEMENTATIONS = YES;
				CLANG_WARN_DIRECT_OBJC_ISA_USAGE = YES_ERROR;
				CLANG_WARN_DOCUMENTATION_COMMENTS = YES;
				CLANG_WARN_EMPTY_BODY = YES;
				CLANG_WARN_ENUM_CONVERSION = YES;
				CLANG_WARN_INFINITE_RECURSION = YES;
				CLANG_WARN_INT_CONVERSION = YES;
				CLANG_WARN_NON_LITERAL_NULL_CONVERSION = YES;
				CLANG_WARN_OBJC_IMPLICIT_RETAIN_SELF = YES;
				CLANG_WARN_OBJC_LITERAL_CONVERSION = YES;
				CLANG_WARN_OBJC_ROOT_CLASS = YES_ERROR;
				CLANG_WARN_QUOTED_INCLUDE_IN_FRAMEWORK_HEADER = YES;
				CLANG_WARN_RANGE_LOOP_ANALYSIS = YES;
				CLANG_WARN_STRICT_PROTOTYPES = YES;
				CLANG_WARN_SUSPICIOUS_MOVE = YES;
				CLANG_WARN_UNGUARDED_AVAILABILITY = YES_AGGRESSIVE;
				CLANG_WARN_UNREACHABLE_CODE = YES;
				CLANG_WARN__DUPLICATE_METHOD_MATCH = YES;
				COPY_PHASE_STRIP = NO;
				DEBUG_INFORMATION_FORMAT = dwarf;
				ENABLE_STRICT_OBJC_MSGSEND = YES;
				ENABLE_TESTABILITY = YES;
				GCC_C_LANGUAGE_STANDARD = gnu11;
				GCC_DYNAMIC_NO_PIC = NO;
				GCC_NO_COMMON_BLOCKS = YES;
				GCC_OPTIMIZATION_LEVEL = 0;
				GCC_PREPROCESSOR_DEFINITIONS = (
					"DEBUG=1",
					"$(inherited)",
				);
				GCC_WARN_64_TO_32_BIT_CONVERSION = YES;
				GCC_WARN_ABOUT_RETURN_TYPE = YES_ERROR;
				GCC_WARN_UNDECLARED_SELECTOR = YES;
				GCC_WARN_UNINITIALIZED_AUTOS = YES_AGGRESSIVE;
				GCC_WARN_UNUSED_FUNCTION = YES;
				GCC_WARN_UNUSED_VARIABLE = YES;
				IPHONEOS_DEPLOYMENT_TARGET = 15.2;
				MTL_ENABLE_DEBUG_INFO = INCLUDE_SOURCE;
				MTL_FAST_MATH = YES;
				ONLY_ACTIVE_ARCH = YES;
				SDKROOT = iphoneos;
				SWIFT_ACTIVE_COMPILATION_CONDITIONS = DEBUG;
				SWIFT_OPTIMIZATION_LEVEL = "-Onone";
			};
			name = Debug;
		};
		2E3DC004282FC57500C63BE9 /* Release */ = {
			isa = XCBuildConfiguration;
			buildSettings = {
				ALWAYS_SEARCH_USER_PATHS = NO;
				CLANG_ANALYZER_NONNULL = YES;
				CLANG_ANALYZER_NUMBER_OBJECT_CONVERSION = YES_AGGRESSIVE;
				CLANG_CXX_LANGUAGE_STANDARD = "gnu++17";
				CLANG_CXX_LIBRARY = "libc++";
				CLANG_ENABLE_MODULES = YES;
				CLANG_ENABLE_OBJC_ARC = YES;
				CLANG_ENABLE_OBJC_WEAK = YES;
				CLANG_WARN_BLOCK_CAPTURE_AUTORELEASING = YES;
				CLANG_WARN_BOOL_CONVERSION = YES;
				CLANG_WARN_COMMA = YES;
				CLANG_WARN_CONSTANT_CONVERSION = YES;
				CLANG_WARN_DEPRECATED_OBJC_IMPLEMENTATIONS = YES;
				CLANG_WARN_DIRECT_OBJC_ISA_USAGE = YES_ERROR;
				CLANG_WARN_DOCUMENTATION_COMMENTS = YES;
				CLANG_WARN_EMPTY_BODY = YES;
				CLANG_WARN_ENUM_CONVERSION = YES;
				CLANG_WARN_INFINITE_RECURSION = YES;
				CLANG_WARN_INT_CONVERSION = YES;
				CLANG_WARN_NON_LITERAL_NULL_CONVERSION = YES;
				CLANG_WARN_OBJC_IMPLICIT_RETAIN_SELF = YES;
				CLANG_WARN_OBJC_LITERAL_CONVERSION = YES;
				CLANG_WARN_OBJC_ROOT_CLASS = YES_ERROR;
				CLANG_WARN_QUOTED_INCLUDE_IN_FRAMEWORK_HEADER = YES;
				CLANG_WARN_RANGE_LOOP_ANALYSIS = YES;
				CLANG_WARN_STRICT_PROTOTYPES = YES;
				CLANG_WARN_SUSPICIOUS_MOVE = YES;
				CLANG_WARN_UNGUARDED_AVAILABILITY = YES_AGGRESSIVE;
				CLANG_WARN_UNREACHABLE_CODE = YES;
				CLANG_WARN__DUPLICATE_METHOD_MATCH = YES;
				COPY_PHASE_STRIP = NO;
				DEBUG_INFORMATION_FORMAT = "dwarf-with-dsym";
				ENABLE_NS_ASSERTIONS = NO;
				ENABLE_STRICT_OBJC_MSGSEND = YES;
				GCC_C_LANGUAGE_STANDARD = gnu11;
				GCC_NO_COMMON_BLOCKS = YES;
				GCC_WARN_64_TO_32_BIT_CONVERSION = YES;
				GCC_WARN_ABOUT_RETURN_TYPE = YES_ERROR;
				GCC_WARN_UNDECLARED_SELECTOR = YES;
				GCC_WARN_UNINITIALIZED_AUTOS = YES_AGGRESSIVE;
				GCC_WARN_UNUSED_FUNCTION = YES;
				GCC_WARN_UNUSED_VARIABLE = YES;
				IPHONEOS_DEPLOYMENT_TARGET = 15.2;
				MTL_ENABLE_DEBUG_INFO = NO;
				MTL_FAST_MATH = YES;
				SDKROOT = iphoneos;
				SWIFT_COMPILATION_MODE = wholemodule;
				SWIFT_OPTIMIZATION_LEVEL = "-O";
				VALIDATE_PRODUCT = YES;
			};
			name = Release;
		};
		2E3DC006282FC57500C63BE9 /* Debug */ = {
			isa = XCBuildConfiguration;
			buildSettings = {
				ASSETCATALOG_COMPILER_APPICON_NAME = AppIcon;
				ASSETCATALOG_COMPILER_GLOBAL_ACCENT_COLOR_NAME = AccentColor;
				CODE_SIGN_STYLE = Automatic;
				CURRENT_PROJECT_VERSION = 1;
				DEVELOPMENT_TEAM = 45GSN6WVR8;
				GENERATE_INFOPLIST_FILE = YES;
				INFOPLIST_FILE = CustomView/Info.plist;
				INFOPLIST_KEY_UIApplicationSupportsIndirectInputEvents = YES;
				INFOPLIST_KEY_UILaunchStoryboardName = LaunchScreen;
				INFOPLIST_KEY_UIMainStoryboardFile = Main;
				INFOPLIST_KEY_UISupportedInterfaceOrientations_iPad = "UIInterfaceOrientationPortrait UIInterfaceOrientationPortraitUpsideDown UIInterfaceOrientationLandscapeLeft UIInterfaceOrientationLandscapeRight";
				INFOPLIST_KEY_UISupportedInterfaceOrientations_iPhone = "UIInterfaceOrientationPortrait UIInterfaceOrientationLandscapeLeft UIInterfaceOrientationLandscapeRight";
				LD_RUNPATH_SEARCH_PATHS = (
					"$(inherited)",
					"@executable_path/Frameworks",
				);
				MARKETING_VERSION = 1.0;
				PRODUCT_BUNDLE_IDENTIFIER = com.zhanagul.CustomView;
				PRODUCT_NAME = "$(TARGET_NAME)";
				SWIFT_EMIT_LOC_STRINGS = YES;
				SWIFT_VERSION = 5.0;
				TARGETED_DEVICE_FAMILY = "1,2";
			};
			name = Debug;
		};
		2E3DC007282FC57500C63BE9 /* Release */ = {
			isa = XCBuildConfiguration;
			buildSettings = {
				ASSETCATALOG_COMPILER_APPICON_NAME = AppIcon;
				ASSETCATALOG_COMPILER_GLOBAL_ACCENT_COLOR_NAME = AccentColor;
				CODE_SIGN_STYLE = Automatic;
				CURRENT_PROJECT_VERSION = 1;
				DEVELOPMENT_TEAM = 45GSN6WVR8;
				GENERATE_INFOPLIST_FILE = YES;
				INFOPLIST_FILE = CustomView/Info.plist;
				INFOPLIST_KEY_UIApplicationSupportsIndirectInputEvents = YES;
				INFOPLIST_KEY_UILaunchStoryboardName = LaunchScreen;
				INFOPLIST_KEY_UIMainStoryboardFile = Main;
				INFOPLIST_KEY_UISupportedInterfaceOrientations_iPad = "UIInterfaceOrientationPortrait UIInterfaceOrientationPortraitUpsideDown UIInterfaceOrientationLandscapeLeft UIInterfaceOrientationLandscapeRight";
				INFOPLIST_KEY_UISupportedInterfaceOrientations_iPhone = "UIInterfaceOrientationPortrait UIInterfaceOrientationLandscapeLeft UIInterfaceOrientationLandscapeRight";
				LD_RUNPATH_SEARCH_PATHS = (
					"$(inherited)",
					"@executable_path/Frameworks",
				);
				MARKETING_VERSION = 1.0;
				PRODUCT_BUNDLE_IDENTIFIER = com.zhanagul.CustomView;
				PRODUCT_NAME = "$(TARGET_NAME)";
				SWIFT_EMIT_LOC_STRINGS = YES;
				SWIFT_VERSION = 5.0;
				TARGETED_DEVICE_FAMILY = "1,2";
			};
			name = Release;
		};
/* End XCBuildConfiguration section */

/* Begin XCConfigurationList section */
		2E3DBFEC282FC57200C63BE9 /* Build configuration list for PBXProject "CustomView" */ = {
			isa = XCConfigurationList;
			buildConfigurations = (
				2E3DC003282FC57500C63BE9 /* Debug */,
				2E3DC004282FC57500C63BE9 /* Release */,
			);
			defaultConfigurationIsVisible = 0;
			defaultConfigurationName = Release;
		};
		2E3DC005282FC57500C63BE9 /* Build configuration list for PBXNativeTarget "CustomView" */ = {
			isa = XCConfigurationList;
			buildConfigurations = (
				2E3DC006282FC57500C63BE9 /* Debug */,
				2E3DC007282FC57500C63BE9 /* Release */,
			);
			defaultConfigurationIsVisible = 0;
			defaultConfigurationName = Release;
		};
/* End XCConfigurationList section */
	};
	rootObject = 2E3DBFE9282FC57200C63BE9 /* Project object */;
}
